
Microsoft Visual Studio Solution File, Format Version 12.00
# Visual Studio 15
VisualStudioVersion = 15.0.28010.2019
MinimumVisualStudioVersion = 10.0.40219.1
Project("{8BC9CEB8-8B4A-11D0-8D11-00A0C91BC942}") = "Laba1c", "Laba1c\Laba1c.vcxproj", "{8183E3FB-B89A-45C1-B5BA-2248AA86FFC8}"
EndProject
Global
	GlobalSection(SolutionConfigurationPlatforms) = preSolution
		Debug|x64 = Debug|x64
		Debug|x86 = Debug|x86
		Release|x64 = Release|x64
		Release|x86 = Release|x86
	EndGlobalSection
	GlobalSection(ProjectConfigurationPlatforms) = postSolution
		{8183E3FB-B89A-45C1-B5BA-2248AA86FFC8}.Debug|x64.ActiveCfg = Debug|x64
		{8183E3FB-B89A-45C1-B5BA-2248AA86FFC8}.Debug|x64.Build.0 = Debug|x64
		{8183E3FB-B89A-45C1-B5BA-2248AA86FFC8}.Debug|x86.ActiveCfg = Debug|Win32
		{8183E3FB-B89A-45C1-B5BA-2248AA86FFC8}.Debug|x86.Build.0 = Debug|Win32
		{8183E3FB-B89A-45C1-B5BA-2248AA86FFC8}.Release|x64.ActiveCfg = Release|x64
		{8183E3FB-B89A-45C1-B5BA-2248AA86FFC8}.Release|x64.Build.0 = Release|x64
		{8183E3FB-B89A-45C1-B5BA-2248AA86FFC8}.Release|x86.ActiveCfg = Release|Win32
		{8183E3FB-B89A-45C1-B5BA-2248AA86FFC8}.Release|x86.Build.0 = Release|Win32
	EndGlobalSection
	GlobalSection(SolutionProperties) = preSolution
		HideSolutionNode = FALSE
	EndGlobalSection
	GlobalSection(ExtensibilityGlobals) = postSolution
		SolutionGuid = {A6B374F4-B5BE-4EF8-8862-18546E8EE46C}
	EndGlobalSection
EndGlobal
